// !$*UTF8*$!
{
	archiveVersion = 1;
	classes = {
	};
	objectVersion = 56;
	objects = {

/* Begin PBXBuildFile section */
		0312D4D12A0E59C80093D122 /* main.swift in Sources */ = {isa = PBXBuildFile; fileRef = 0312D4D02A0E59C80093D122 /* main.swift */; };
		0312D4D92A0E5A730093D122 /* SocketIO in Frameworks */ = {isa = PBXBuildFile; productRef = 0312D4D82A0E5A730093D122 /* SocketIO */; };
		0312D4DB2A0E5B390093D122 /* SnakesOnAPlaneClient.swift in Sources */ = {isa = PBXBuildFile; fileRef = 0312D4DA2A0E5B390093D122 /* SnakesOnAPlaneClient.swift */; };
		037C0A012A2212290043662C /* MyTactic.swift in Sources */ = {isa = PBXBuildFile; fileRef = 037C0A002A2212290043662C /* MyTactic.swift */; };
		037C0A052A2267BE0043662C /* Server.swift in Sources */ = {isa = PBXBuildFile; fileRef = 037C0A042A2267BE0043662C /* Server.swift */; };
		03ECB44C2A12890000DE24E4 /* ClientTactic.swift in Sources */ = {isa = PBXBuildFile; fileRef = 03ECB44B2A12890000DE24E4 /* ClientTactic.swift */; };
		03ECB4502A12898700DE24E4 /* GameState.swift in Sources */ = {isa = PBXBuildFile; fileRef = 03ECB44F2A12898700DE24E4 /* GameState.swift */; };
		03ECB4532A12899A00DE24E4 /* PlayerState.swift in Sources */ = {isa = PBXBuildFile; fileRef = 03ECB4522A12899A00DE24E4 /* PlayerState.swift */; };
		03ECB4562A1289AA00DE24E4 /* BoardPowerUpState.swift in Sources */ = {isa = PBXBuildFile; fileRef = 03ECB4552A1289AA00DE24E4 /* BoardPowerUpState.swift */; };
		03ECB4592A128A9A00DE24E4 /* ActivePowerUp.swift in Sources */ = {isa = PBXBuildFile; fileRef = 03ECB4582A128A9A00DE24E4 /* ActivePowerUp.swift */; };
		03ECB45C2A128AD900DE24E4 /* Json.swift in Sources */ = {isa = PBXBuildFile; fileRef = 03ECB45B2A128AD900DE24E4 /* Json.swift */; };
/* End PBXBuildFile section */

/* Begin PBXCopyFilesBuildPhase section */
		0312D4CB2A0E59C80093D122 /* CopyFiles */ = {
			isa = PBXCopyFilesBuildPhase;
			buildActionMask = 2147483647;
			dstPath = /usr/share/man/man1/;
			dstSubfolderSpec = 0;
			files = (
			);
			runOnlyForDeploymentPostprocessing = 1;
		};
/* End PBXCopyFilesBuildPhase section */

/* Begin PBXFileReference section */
		0312D4CD2A0E59C80093D122 /* secret-game-client */ = {isa = PBXFileReference; explicitFileType = "compiled.mach-o.executable"; includeInIndex = 0; path = "secret-game-client"; sourceTree = BUILT_PRODUCTS_DIR; };
		0312D4D02A0E59C80093D122 /* main.swift */ = {isa = PBXFileReference; lastKnownFileType = sourcecode.swift; path = main.swift; sourceTree = "<group>"; };
		0312D4DA2A0E5B390093D122 /* SnakesOnAPlaneClient.swift */ = {isa = PBXFileReference; lastKnownFileType = sourcecode.swift; path = SnakesOnAPlaneClient.swift; sourceTree = "<group>"; };
		037C0A002A2212290043662C /* MyTactic.swift */ = {isa = PBXFileReference; lastKnownFileType = sourcecode.swift; path = MyTactic.swift; sourceTree = "<group>"; };
		037C0A042A2267BE0043662C /* Server.swift */ = {isa = PBXFileReference; lastKnownFileType = sourcecode.swift; path = Server.swift; sourceTree = "<group>"; };
		03ECB44B2A12890000DE24E4 /* ClientTactic.swift */ = {isa = PBXFileReference; lastKnownFileType = sourcecode.swift; path = ClientTactic.swift; sourceTree = "<group>"; };
		03ECB44F2A12898700DE24E4 /* GameState.swift */ = {isa = PBXFileReference; lastKnownFileType = sourcecode.swift; path = GameState.swift; sourceTree = "<group>"; };
		03ECB4522A12899A00DE24E4 /* PlayerState.swift */ = {isa = PBXFileReference; lastKnownFileType = sourcecode.swift; path = PlayerState.swift; sourceTree = "<group>"; };
		03ECB4552A1289AA00DE24E4 /* BoardPowerUpState.swift */ = {isa = PBXFileReference; lastKnownFileType = sourcecode.swift; path = BoardPowerUpState.swift; sourceTree = "<group>"; };
		03ECB4582A128A9A00DE24E4 /* ActivePowerUp.swift */ = {isa = PBXFileReference; lastKnownFileType = sourcecode.swift; path = ActivePowerUp.swift; sourceTree = "<group>"; };
		03ECB45B2A128AD900DE24E4 /* Json.swift */ = {isa = PBXFileReference; lastKnownFileType = sourcecode.swift; path = Json.swift; sourceTree = "<group>"; };
/* End PBXFileReference section */

/* Begin PBXFrameworksBuildPhase section */
		0312D4CA2A0E59C80093D122 /* Frameworks */ = {
			isa = PBXFrameworksBuildPhase;
			buildActionMask = 2147483647;
			files = (
				0312D4D92A0E5A730093D122 /* SocketIO in Frameworks */,
			);
			runOnlyForDeploymentPostprocessing = 0;
		};
/* End PBXFrameworksBuildPhase section */

/* Begin PBXGroup section */
		0312D4C42A0E59C80093D122 = {
			isa = PBXGroup;
			children = (
				0312D4CF2A0E59C80093D122 /* secret-game-client */,
				0312D4CE2A0E59C80093D122 /* Products */,
			);
			sourceTree = "<group>";
		};
		0312D4CE2A0E59C80093D122 /* Products */ = {
			isa = PBXGroup;
			children = (
				0312D4CD2A0E59C80093D122 /* secret-game-client */,
			);
			name = Products;
			sourceTree = "<group>";
		};
		0312D4CF2A0E59C80093D122 /* secret-game-client */ = {
			isa = PBXGroup;
			children = (
				0312D4D02A0E59C80093D122 /* main.swift */,
				037C0A042A2267BE0043662C /* Server.swift */,
				037C0A002A2212290043662C /* MyTactic.swift */,
				03ECB44E2A12895E00DE24E4 /* Models */,
				0312D4DA2A0E5B390093D122 /* SnakesOnAPlaneClient.swift */,
				03ECB44B2A12890000DE24E4 /* ClientTactic.swift */,
			);
			path = "secret-game-client";
			sourceTree = "<group>";
		};
		03ECB44E2A12895E00DE24E4 /* Models */ = {
			isa = PBXGroup;
			children = (
				03ECB44F2A12898700DE24E4 /* GameState.swift */,
				03ECB4582A128A9A00DE24E4 /* ActivePowerUp.swift */,
				03ECB4522A12899A00DE24E4 /* PlayerState.swift */,
				03ECB45B2A128AD900DE24E4 /* Json.swift */,
				03ECB4552A1289AA00DE24E4 /* BoardPowerUpState.swift */,
			);
			path = Models;
			sourceTree = "<group>";
		};
/* End PBXGroup section */

/* Begin PBXNativeTarget section */
		0312D4CC2A0E59C80093D122 /* secret-game-client */ = {
			isa = PBXNativeTarget;
			buildConfigurationList = 0312D4D42A0E59C80093D122 /* Build configuration list for PBXNativeTarget "secret-game-client" */;
			buildPhases = (
				0312D4C92A0E59C80093D122 /* Sources */,
				0312D4CA2A0E59C80093D122 /* Frameworks */,
				0312D4CB2A0E59C80093D122 /* CopyFiles */,
			);
			buildRules = (
			);
			dependencies = (
			);
			name = "secret-game-client";
			packageProductDependencies = (
				0312D4D82A0E5A730093D122 /* SocketIO */,
			);
			productName = "secret-game-client";
			productReference = 0312D4CD2A0E59C80093D122 /* secret-game-client */;
			productType = "com.apple.product-type.tool";
		};
/* End PBXNativeTarget section */

/* Begin PBXProject section */
		0312D4C52A0E59C80093D122 /* Project object */ = {
			isa = PBXProject;
			attributes = {
				BuildIndependentTargetsInParallel = 1;
				LastSwiftUpdateCheck = 1420;
				LastUpgradeCheck = 1420;
				TargetAttributes = {
					0312D4CC2A0E59C80093D122 = {
						CreatedOnToolsVersion = 14.2;
					};
				};
			};
			buildConfigurationList = 0312D4C82A0E59C80093D122 /* Build configuration list for PBXProject "secret-game-client" */;
			compatibilityVersion = "Xcode 14.0";
			developmentRegion = en;
			hasScannedForEncodings = 0;
			knownRegions = (
				en,
				Base,
			);
			mainGroup = 0312D4C42A0E59C80093D122;
			packageReferences = (
				0312D4D72A0E5A730093D122 /* XCRemoteSwiftPackageReference "socket" */,
			);
			productRefGroup = 0312D4CE2A0E59C80093D122 /* Products */;
			projectDirPath = "";
			projectRoot = "";
			targets = (
				0312D4CC2A0E59C80093D122 /* secret-game-client */,
			);
		};
/* End PBXProject section */

/* Begin PBXSourcesBuildPhase section */
		0312D4C92A0E59C80093D122 /* Sources */ = {
			isa = PBXSourcesBuildPhase;
			buildActionMask = 2147483647;
			files = (
				03ECB4592A128A9A00DE24E4 /* ActivePowerUp.swift in Sources */,
				03ECB4532A12899A00DE24E4 /* PlayerState.swift in Sources */,
				0312D4DB2A0E5B390093D122 /* SnakesOnAPlaneClient.swift in Sources */,
				03ECB4502A12898700DE24E4 /* GameState.swift in Sources */,
				03ECB44C2A12890000DE24E4 /* ClientTactic.swift in Sources */,
				037C0A052A2267BE0043662C /* Server.swift in Sources */,
				0312D4D12A0E59C80093D122 /* main.swift in Sources */,
				03ECB4562A1289AA00DE24E4 /* BoardPowerUpState.swift in Sources */,
				03ECB45C2A128AD900DE24E4 /* Json.swift in Sources */,
				037C0A012A2212290043662C /* MyTactic.swift in Sources */,
			);
			runOnlyForDeploymentPostprocessing = 0;
		};
/* End PBXSourcesBuildPhase section */

/* Begin XCBuildConfiguration section */
		0312D4D22A0E59C80093D122 /* Debug */ = {
			isa = XCBuildConfiguration;
			buildSettings = {
				ALWAYS_SEARCH_USER_PATHS = NO;
				CLANG_ANALYZER_NONNULL = YES;
				CLANG_ANALYZER_NUMBER_OBJECT_CONVERSION = YES_AGGRESSIVE;
				CLANG_CXX_LANGUAGE_STANDARD = "gnu++20";
				CLANG_ENABLE_MODULES = YES;
				CLANG_ENABLE_OBJC_ARC = YES;
				CLANG_ENABLE_OBJC_WEAK = YES;
				CLANG_WARN_BLOCK_CAPTURE_AUTORELEASING = YES;
				CLANG_WARN_BOOL_CONVERSION = YES;
				CLANG_WARN_COMMA = YES;
				CLANG_WARN_CONSTANT_CONVERSION = YES;
				CLANG_WARN_DEPRECATED_OBJC_IMPLEMENTATIONS = YES;
				CLANG_WARN_DIRECT_OBJC_ISA_USAGE = YES_ERROR;
				CLANG_WARN_DOCUMENTATION_COMMENTS = YES;
				CLANG_WARN_EMPTY_BODY = YES;
				CLANG_WARN_ENUM_CONVERSION = YES;
				CLANG_WARN_INFINITE_RECURSION = YES;
				CLANG_WARN_INT_CONVERSION = YES;
				CLANG_WARN_NON_LITERAL_NULL_CONVERSION = YES;
				CLANG_WARN_OBJC_IMPLICIT_RETAIN_SELF = YES;
				CLANG_WARN_OBJC_LITERAL_CONVERSION = YES;
				CLANG_WARN_OBJC_ROOT_CLASS = YES_ERROR;
				CLANG_WARN_QUOTED_INCLUDE_IN_FRAMEWORK_HEADER = YES;
				CLANG_WARN_RANGE_LOOP_ANALYSIS = YES;
				CLANG_WARN_STRICT_PROTOTYPES = YES;
				CLANG_WARN_SUSPICIOUS_MOVE = YES;
				CLANG_WARN_UNGUARDED_AVAILABILITY = YES_AGGRESSIVE;
				CLANG_WARN_UNREACHABLE_CODE = YES;
				CLANG_WARN__DUPLICATE_METHOD_MATCH = YES;
				COPY_PHASE_STRIP = NO;
				DEBUG_INFORMATION_FORMAT = dwarf;
				ENABLE_STRICT_OBJC_MSGSEND = YES;
				ENABLE_TESTABILITY = YES;
				GCC_C_LANGUAGE_STANDARD = gnu11;
				GCC_DYNAMIC_NO_PIC = NO;
				GCC_NO_COMMON_BLOCKS = YES;
				GCC_OPTIMIZATION_LEVEL = 0;
				GCC_PREPROCESSOR_DEFINITIONS = (
					"DEBUG=1",
					"$(inherited)",
				);
				GCC_WARN_64_TO_32_BIT_CONVERSION = YES;
				GCC_WARN_ABOUT_RETURN_TYPE = YES_ERROR;
				GCC_WARN_UNDECLARED_SELECTOR = YES;
				GCC_WARN_UNINITIALIZED_AUTOS = YES_AGGRESSIVE;
				GCC_WARN_UNUSED_FUNCTION = YES;
				GCC_WARN_UNUSED_VARIABLE = YES;
				MACOSX_DEPLOYMENT_TARGET = 12.0;
				MTL_ENABLE_DEBUG_INFO = INCLUDE_SOURCE;
				MTL_FAST_MATH = YES;
				ONLY_ACTIVE_ARCH = YES;
				SDKROOT = macosx;
				SWIFT_ACTIVE_COMPILATION_CONDITIONS = DEBUG;
				SWIFT_OPTIMIZATION_LEVEL = "-Onone";
			};
			name = Debug;
		};
		0312D4D32A0E59C80093D122 /* Release */ = {
			isa = XCBuildConfiguration;
			buildSettings = {
				ALWAYS_SEARCH_USER_PATHS = NO;
				CLANG_ANALYZER_NONNULL = YES;
				CLANG_ANALYZER_NUMBER_OBJECT_CONVERSION = YES_AGGRESSIVE;
				CLANG_CXX_LANGUAGE_STANDARD = "gnu++20";
				CLANG_ENABLE_MODULES = YES;
				CLANG_ENABLE_OBJC_ARC = YES;
				CLANG_ENABLE_OBJC_WEAK = YES;
				CLANG_WARN_BLOCK_CAPTURE_AUTORELEASING = YES;
				CLANG_WARN_BOOL_CONVERSION = YES;
				CLANG_WARN_COMMA = YES;
				CLANG_WARN_CONSTANT_CONVERSION = YES;
				CLANG_WARN_DEPRECATED_OBJC_IMPLEMENTATIONS = YES;
				CLANG_WARN_DIRECT_OBJC_ISA_USAGE = YES_ERROR;
				CLANG_WARN_DOCUMENTATION_COMMENTS = YES;
				CLANG_WARN_EMPTY_BODY = YES;
				CLANG_WARN_ENUM_CONVERSION = YES;
				CLANG_WARN_INFINITE_RECURSION = YES;
				CLANG_WARN_INT_CONVERSION = YES;
				CLANG_WARN_NON_LITERAL_NULL_CONVERSION = YES;
				CLANG_WARN_OBJC_IMPLICIT_RETAIN_SELF = YES;
				CLANG_WARN_OBJC_LITERAL_CONVERSION = YES;
				CLANG_WARN_OBJC_ROOT_CLASS = YES_ERROR;
				CLANG_WARN_QUOTED_INCLUDE_IN_FRAMEWORK_HEADER = YES;
				CLANG_WARN_RANGE_LOOP_ANALYSIS = YES;
				CLANG_WARN_STRICT_PROTOTYPES = YES;
				CLANG_WARN_SUSPICIOUS_MOVE = YES;
				CLANG_WARN_UNGUARDED_AVAILABILITY = YES_AGGRESSIVE;
				CLANG_WARN_UNREACHABLE_CODE = YES;
				CLANG_WARN__DUPLICATE_METHOD_MATCH = YES;
				COPY_PHASE_STRIP = NO;
				DEBUG_INFORMATION_FORMAT = "dwarf-with-dsym";
				ENABLE_NS_ASSERTIONS = NO;
				ENABLE_STRICT_OBJC_MSGSEND = YES;
				GCC_C_LANGUAGE_STANDARD = gnu11;
				GCC_NO_COMMON_BLOCKS = YES;
				GCC_WARN_64_TO_32_BIT_CONVERSION = YES;
				GCC_WARN_ABOUT_RETURN_TYPE = YES_ERROR;
				GCC_WARN_UNDECLARED_SELECTOR = YES;
				GCC_WARN_UNINITIALIZED_AUTOS = YES_AGGRESSIVE;
				GCC_WARN_UNUSED_FUNCTION = YES;
				GCC_WARN_UNUSED_VARIABLE = YES;
				MACOSX_DEPLOYMENT_TARGET = 12.0;
				MTL_ENABLE_DEBUG_INFO = NO;
				MTL_FAST_MATH = YES;
				SDKROOT = macosx;
				SWIFT_COMPILATION_MODE = wholemodule;
				SWIFT_OPTIMIZATION_LEVEL = "-O";
			};
			name = Release;
		};
		0312D4D52A0E59C80093D122 /* Debug */ = {
			isa = XCBuildConfiguration;
			buildSettings = {
				CODE_SIGN_STYLE = Automatic;
				DEVELOPMENT_TEAM = TPWEY3KE9V;
				ENABLE_HARDENED_RUNTIME = YES;
				PRODUCT_NAME = "$(TARGET_NAME)";
				SWIFT_VERSION = 5.0;
			};
			name = Debug;
		};
		0312D4D62A0E59C80093D122 /* Release */ = {
			isa = XCBuildConfiguration;
			buildSettings = {
				CODE_SIGN_STYLE = Automatic;
				DEVELOPMENT_TEAM = TPWEY3KE9V;
				ENABLE_HARDENED_RUNTIME = YES;
				PRODUCT_NAME = "$(TARGET_NAME)";
				SWIFT_VERSION = 5.0;
			};
			name = Release;
		};
/* End XCBuildConfiguration section */

/* Begin XCConfigurationList section */
		0312D4C82A0E59C80093D122 /* Build configuration list for PBXProject "secret-game-client" */ = {
			isa = XCConfigurationList;
			buildConfigurations = (
				0312D4D22A0E59C80093D122 /* Debug */,
				0312D4D32A0E59C80093D122 /* Release */,
			);
			defaultConfigurationIsVisible = 0;
			defaultConfigurationName = Release;
		};
		0312D4D42A0E59C80093D122 /* Build configuration list for PBXNativeTarget "secret-game-client" */ = {
			isa = XCConfigurationList;
			buildConfigurations = (
				0312D4D52A0E59C80093D122 /* Debug */,
				0312D4D62A0E59C80093D122 /* Release */,
			);
			defaultConfigurationIsVisible = 0;
			defaultConfigurationName = Release;
		};
/* End XCConfigurationList section */

/* Begin XCRemoteSwiftPackageReference section */
		0312D4D72A0E5A730093D122 /* XCRemoteSwiftPackageReference "socket" */ = {
			isa = XCRemoteSwiftPackageReference;
			repositoryURL = "https://github.com/socketio/socket.io-client-swift";
			requirement = {
				branch = master;
				kind = branch;
			};
		};
/* End XCRemoteSwiftPackageReference section */

/* Begin XCSwiftPackageProductDependency section */
		0312D4D82A0E5A730093D122 /* SocketIO */ = {
			isa = XCSwiftPackageProductDependency;
			package = 0312D4D72A0E5A730093D122 /* XCRemoteSwiftPackageReference "socket" */;
			productName = SocketIO;
		};
/* End XCSwiftPackageProductDependency section */
	};
	rootObject = 0312D4C52A0E59C80093D122 /* Project object */;
}
